// !$*UTF8*$!
{
	archiveVersion = 1;
	classes = {
	};
	objectVersion = 50;
	objects = {

/* Begin PBXBuildFile section */
		D366FA6023D3FE4700671A58 /* AppDelegate.m in Sources */ = {isa = PBXBuildFile; fileRef = D366FA5F23D3FE4700671A58 /* AppDelegate.m */; };
		D366FA6623D3FE4700671A58 /* ViewController.m in Sources */ = {isa = PBXBuildFile; fileRef = D366FA6523D3FE4700671A58 /* ViewController.m */; };
		D366FA6923D3FE4700671A58 /* Main.storyboard in Resources */ = {isa = PBXBuildFile; fileRef = D366FA6723D3FE4700671A58 /* Main.storyboard */; };
		D366FA6B23D3FE4900671A58 /* Assets.xcassets in Resources */ = {isa = PBXBuildFile; fileRef = D366FA6A23D3FE4900671A58 /* Assets.xcassets */; };
		D366FA6E23D3FE4A00671A58 /* LaunchScreen.storyboard in Resources */ = {isa = PBXBuildFile; fileRef = D366FA6C23D3FE4A00671A58 /* LaunchScreen.storyboard */; };
		D366FA7123D3FE4A00671A58 /* main.m in Sources */ = {isa = PBXBuildFile; fileRef = D366FA7023D3FE4A00671A58 /* main.m */; };
		D366FA7C23D3FE9400671A58 /* Security.framework in Frameworks */ = {isa = PBXBuildFile; fileRef = D366FA7B23D3FE9300671A58 /* Security.framework */; };
		D366FA7E23D3FE9900671A58 /* CoreTelephony.framework in Frameworks */ = {isa = PBXBuildFile; fileRef = D366FA7D23D3FE9900671A58 /* CoreTelephony.framework */; };
		D366FA8023D3FE9E00671A58 /* CoreGraphics.framework in Frameworks */ = {isa = PBXBuildFile; fileRef = D366FA7F23D3FE9E00671A58 /* CoreGraphics.framework */; };
		D366FA8223D3FEAE00671A58 /* SystemConfiguration.framework in Frameworks */ = {isa = PBXBuildFile; fileRef = D366FA8123D3FEAE00671A58 /* SystemConfiguration.framework */; };
		D366FA8423D3FEB900671A58 /* libsqlite3.tbd in Frameworks */ = {isa = PBXBuildFile; fileRef = D366FA8323D3FEB900671A58 /* libsqlite3.tbd */; };
		D366FA8623D3FEC800671A58 /* libz.tbd in Frameworks */ = {isa = PBXBuildFile; fileRef = D366FA8523D3FEC800671A58 /* libz.tbd */; };
		D366FA8823D3FED300671A58 /* libiconv.tbd in Frameworks */ = {isa = PBXBuildFile; fileRef = D366FA8723D3FED300671A58 /* libiconv.tbd */; };
		D3AEDC6424F907E300DEE253 /* TencentOpenAPI.framework in Frameworks */ = {isa = PBXBuildFile; fileRef = D3AEDC6324F907E300DEE253 /* TencentOpenAPI.framework */; };
		D3AEDC6824F9080200DEE253 /* libAPOpenSdk.a in Frameworks */ = {isa = PBXBuildFile; fileRef = D3AEDC6624F9080200DEE253 /* libAPOpenSdk.a */; };
		D3AEDC6A24F9080E00DEE253 /* AFServiceSDK.framework in Frameworks */ = {isa = PBXBuildFile; fileRef = D3AEDC6924F9080E00DEE253 /* AFServiceSDK.framework */; };
		D3AEDC6C24F9084000DEE253 /* libc++.tbd in Frameworks */ = {isa = PBXBuildFile; fileRef = D3AEDC6B24F9084000DEE253 /* libc++.tbd */; };
/* End PBXBuildFile section */

/* Begin PBXFileReference section */
		D366FA5B23D3FE4700671A58 /* ThirdQQSDK.app */ = {isa = PBXFileReference; explicitFileType = wrapper.application; includeInIndex = 0; path = ThirdQQSDK.app; sourceTree = BUILT_PRODUCTS_DIR; };
		D366FA5E23D3FE4700671A58 /* AppDelegate.h */ = {isa = PBXFileReference; lastKnownFileType = sourcecode.c.h; path = AppDelegate.h; sourceTree = "<group>"; };
		D366FA5F23D3FE4700671A58 /* AppDelegate.m */ = {isa = PBXFileReference; lastKnownFileType = sourcecode.c.objc; path = AppDelegate.m; sourceTree = "<group>"; };
		D366FA6423D3FE4700671A58 /* ViewController.h */ = {isa = PBXFileReference; lastKnownFileType = sourcecode.c.h; path = ViewController.h; sourceTree = "<group>"; };
		D366FA6523D3FE4700671A58 /* ViewController.m */ = {isa = PBXFileReference; lastKnownFileType = sourcecode.c.objc; path = ViewController.m; sourceTree = "<group>"; };
		D366FA6823D3FE4700671A58 /* Base */ = {isa = PBXFileReference; lastKnownFileType = file.storyboard; name = Base; path = Base.lproj/Main.storyboard; sourceTree = "<group>"; };
		D366FA6A23D3FE4900671A58 /* Assets.xcassets */ = {isa = PBXFileReference; lastKnownFileType = folder.assetcatalog; path = Assets.xcassets; sourceTree = "<group>"; };
		D366FA6D23D3FE4A00671A58 /* Base */ = {isa = PBXFileReference; lastKnownFileType = file.storyboard; name = Base; path = Base.lproj/LaunchScreen.storyboard; sourceTree = "<group>"; };
		D366FA6F23D3FE4A00671A58 /* Info.plist */ = {isa = PBXFileReference; lastKnownFileType = text.plist.xml; path = Info.plist; sourceTree = "<group>"; };
		D366FA7023D3FE4A00671A58 /* main.m */ = {isa = PBXFileReference; lastKnownFileType = sourcecode.c.objc; path = main.m; sourceTree = "<group>"; };
		D366FA7B23D3FE9300671A58 /* Security.framework */ = {isa = PBXFileReference; lastKnownFileType = wrapper.framework; name = Security.framework; path = System/Library/Frameworks/Security.framework; sourceTree = SDKROOT; };
		D366FA7D23D3FE9900671A58 /* CoreTelephony.framework */ = {isa = PBXFileReference; lastKnownFileType = wrapper.framework; name = CoreTelephony.framework; path = System/Library/Frameworks/CoreTelephony.framework; sourceTree = SDKROOT; };
		D366FA7F23D3FE9E00671A58 /* CoreGraphics.framework */ = {isa = PBXFileReference; lastKnownFileType = wrapper.framework; name = CoreGraphics.framework; path = System/Library/Frameworks/CoreGraphics.framework; sourceTree = SDKROOT; };
		D366FA8123D3FEAE00671A58 /* SystemConfiguration.framework */ = {isa = PBXFileReference; lastKnownFileType = wrapper.framework; name = SystemConfiguration.framework; path = System/Library/Frameworks/SystemConfiguration.framework; sourceTree = SDKROOT; };
		D366FA8323D3FEB900671A58 /* libsqlite3.tbd */ = {isa = PBXFileReference; lastKnownFileType = "sourcecode.text-based-dylib-definition"; name = libsqlite3.tbd; path = usr/lib/libsqlite3.tbd; sourceTree = SDKROOT; };
		D366FA8523D3FEC800671A58 /* libz.tbd */ = {isa = PBXFileReference; lastKnownFileType = "sourcecode.text-based-dylib-definition"; name = libz.tbd; path = usr/lib/libz.tbd; sourceTree = SDKROOT; };
		D366FA8723D3FED300671A58 /* libiconv.tbd */ = {isa = PBXFileReference; lastKnownFileType = "sourcecode.text-based-dylib-definition"; name = libiconv.tbd; path = usr/lib/libiconv.tbd; sourceTree = SDKROOT; };
		D3AEDC6324F907E300DEE253 /* TencentOpenAPI.framework */ = {isa = PBXFileReference; lastKnownFileType = wrapper.framework; path = TencentOpenAPI.framework; sourceTree = "<group>"; };
		D3AEDC6524F9080200DEE253 /* APOpenAPIObject.h */ = {isa = PBXFileReference; fileEncoding = 4; lastKnownFileType = sourcecode.c.h; path = APOpenAPIObject.h; sourceTree = "<group>"; };
		D3AEDC6624F9080200DEE253 /* libAPOpenSdk.a */ = {isa = PBXFileReference; lastKnownFileType = archive.ar; path = libAPOpenSdk.a; sourceTree = "<group>"; };
		D3AEDC6724F9080200DEE253 /* APOpenAPI.h */ = {isa = PBXFileReference; fileEncoding = 4; lastKnownFileType = sourcecode.c.h; path = APOpenAPI.h; sourceTree = "<group>"; };
		D3AEDC6924F9080E00DEE253 /* AFServiceSDK.framework */ = {isa = PBXFileReference; lastKnownFileType = wrapper.framework; path = AFServiceSDK.framework; sourceTree = "<group>"; };
		D3AEDC6B24F9084000DEE253 /* libc++.tbd */ = {isa = PBXFileReference; lastKnownFileType = "sourcecode.text-based-dylib-definition"; name = "libc++.tbd"; path = "usr/lib/libc++.tbd"; sourceTree = SDKROOT; };
/* End PBXFileReference section */

/* Begin PBXFrameworksBuildPhase section */
		D366FA5823D3FE4700671A58 /* Frameworks */ = {
			isa = PBXFrameworksBuildPhase;
			buildActionMask = 2147483647;
			files = (
				D3AEDC6C24F9084000DEE253 /* libc++.tbd in Frameworks */,
				D3AEDC6A24F9080E00DEE253 /* AFServiceSDK.framework in Frameworks */,
				D366FA8823D3FED300671A58 /* libiconv.tbd in Frameworks */,
				D3AEDC6424F907E300DEE253 /* TencentOpenAPI.framework in Frameworks */,
				D366FA8623D3FEC800671A58 /* libz.tbd in Frameworks */,
				D366FA8423D3FEB900671A58 /* libsqlite3.tbd in Frameworks */,
				D366FA8223D3FEAE00671A58 /* SystemConfiguration.framework in Frameworks */,
				D366FA8023D3FE9E00671A58 /* CoreGraphics.framework in Frameworks */,
				D3AEDC6824F9080200DEE253 /* libAPOpenSdk.a in Frameworks */,
				D366FA7E23D3FE9900671A58 /* CoreTelephony.framework in Frameworks */,
				D366FA7C23D3FE9400671A58 /* Security.framework in Frameworks */,
			);
			runOnlyForDeploymentPostprocessing = 0;
		};
/* End PBXFrameworksBuildPhase section */

/* Begin PBXGroup section */
		D366FA5223D3FE4700671A58 = {
			isa = PBXGroup;
			children = (
				D366FA5D23D3FE4700671A58 /* ThirdQQSDK */,
				D366FA5C23D3FE4700671A58 /* Products */,
				D366FA7A23D3FE9300671A58 /* Frameworks */,
			);
			sourceTree = "<group>";
		};
		D366FA5C23D3FE4700671A58 /* Products */ = {
			isa = PBXGroup;
			children = (
				D366FA5B23D3FE4700671A58 /* ThirdQQSDK.app */,
			);
			name = Products;
			sourceTree = "<group>";
		};
		D366FA5D23D3FE4700671A58 /* ThirdQQSDK */ = {
			isa = PBXGroup;
			children = (
				D3AEDC6224F9073500DEE253 /* AFServiceSDK */,
				D3AEDC6124F9072100DEE253 /* APOpenAPI */,
				D3AEDC6024F9071C00DEE253 /* TencentOpenAPI */,
				D366FA5E23D3FE4700671A58 /* AppDelegate.h */,
				D366FA5F23D3FE4700671A58 /* AppDelegate.m */,
				D366FA6423D3FE4700671A58 /* ViewController.h */,
				D366FA6523D3FE4700671A58 /* ViewController.m */,
				D366FA6723D3FE4700671A58 /* Main.storyboard */,
				D366FA6A23D3FE4900671A58 /* Assets.xcassets */,
				D366FA6C23D3FE4A00671A58 /* LaunchScreen.storyboard */,
				D366FA6F23D3FE4A00671A58 /* Info.plist */,
				D366FA7023D3FE4A00671A58 /* main.m */,
			);
			path = ThirdQQSDK;
			sourceTree = "<group>";
		};
		D366FA7A23D3FE9300671A58 /* Frameworks */ = {
			isa = PBXGroup;
			children = (
				D3AEDC6B24F9084000DEE253 /* libc++.tbd */,
				D366FA8723D3FED300671A58 /* libiconv.tbd */,
				D366FA8523D3FEC800671A58 /* libz.tbd */,
				D366FA8323D3FEB900671A58 /* libsqlite3.tbd */,
				D366FA8123D3FEAE00671A58 /* SystemConfiguration.framework */,
				D366FA7F23D3FE9E00671A58 /* CoreGraphics.framework */,
				D366FA7D23D3FE9900671A58 /* CoreTelephony.framework */,
				D366FA7B23D3FE9300671A58 /* Security.framework */,
			);
			name = Frameworks;
			sourceTree = "<group>";
		};
		D3AEDC6024F9071C00DEE253 /* TencentOpenAPI */ = {
			isa = PBXGroup;
			children = (
				D3AEDC6324F907E300DEE253 /* TencentOpenAPI.framework */,
			);
			path = TencentOpenAPI;
			sourceTree = "<group>";
		};
		D3AEDC6124F9072100DEE253 /* APOpenAPI */ = {
			isa = PBXGroup;
			children = (
				D3AEDC6724F9080200DEE253 /* APOpenAPI.h */,
				D3AEDC6524F9080200DEE253 /* APOpenAPIObject.h */,
				D3AEDC6624F9080200DEE253 /* libAPOpenSdk.a */,
			);
			path = APOpenAPI;
			sourceTree = "<group>";
		};
		D3AEDC6224F9073500DEE253 /* AFServiceSDK */ = {
			isa = PBXGroup;
			children = (
				D3AEDC6924F9080E00DEE253 /* AFServiceSDK.framework */,
			);
			path = AFServiceSDK;
			sourceTree = "<group>";
		};
/* End PBXGroup section */

/* Begin PBXNativeTarget section */
		D366FA5A23D3FE4700671A58 /* ThirdQQSDK */ = {
			isa = PBXNativeTarget;
			buildConfigurationList = D366FA7423D3FE4A00671A58 /* Build configuration list for PBXNativeTarget "ThirdQQSDK" */;
			buildPhases = (
				D366FA5723D3FE4700671A58 /* Sources */,
				D366FA5823D3FE4700671A58 /* Frameworks */,
				D366FA5923D3FE4700671A58 /* Resources */,
			);
			buildRules = (
			);
			dependencies = (
			);
			name = ThirdQQSDK;
			productName = ThirdQQSDK;
			productReference = D366FA5B23D3FE4700671A58 /* ThirdQQSDK.app */;
			productType = "com.apple.product-type.application";
		};
/* End PBXNativeTarget section */

/* Begin PBXProject section */
		D366FA5323D3FE4700671A58 /* Project object */ = {
			isa = PBXProject;
			attributes = {
				LastUpgradeCheck = 1130;
				ORGANIZATIONNAME = "极速洞察";
				TargetAttributes = {
					D366FA5A23D3FE4700671A58 = {
						CreatedOnToolsVersion = 11.3.1;
					};
				};
			};
			buildConfigurationList = D366FA5623D3FE4700671A58 /* Build configuration list for PBXProject "ThirdQQSDK" */;
			compatibilityVersion = "Xcode 9.3";
			developmentRegion = en;
			hasScannedForEncodings = 0;
			knownRegions = (
				en,
				Base,
			);
			mainGroup = D366FA5223D3FE4700671A58;
			productRefGroup = D366FA5C23D3FE4700671A58 /* Products */;
			projectDirPath = "";
			projectRoot = "";
			targets = (
				D366FA5A23D3FE4700671A58 /* ThirdQQSDK */,
			);
		};
/* End PBXProject section */

/* Begin PBXResourcesBuildPhase section */
		D366FA5923D3FE4700671A58 /* Resources */ = {
			isa = PBXResourcesBuildPhase;
			buildActionMask = 2147483647;
			files = (
				D366FA6E23D3FE4A00671A58 /* LaunchScreen.storyboard in Resources */,
				D366FA6B23D3FE4900671A58 /* Assets.xcassets in Resources */,
				D366FA6923D3FE4700671A58 /* Main.storyboard in Resources */,
			);
			runOnlyForDeploymentPostprocessing = 0;
		};
/* End PBXResourcesBuildPhase section */

/* Begin PBXSourcesBuildPhase section */
		D366FA5723D3FE4700671A58 /* Sources */ = {
			isa = PBXSourcesBuildPhase;
			buildActionMask = 2147483647;
			files = (
				D366FA6623D3FE4700671A58 /* ViewController.m in Sources */,
				D366FA6023D3FE4700671A58 /* AppDelegate.m in Sources */,
				D366FA7123D3FE4A00671A58 /* main.m in Sources */,
			);
			runOnlyForDeploymentPostprocessing = 0;
		};
/* End PBXSourcesBuildPhase section */

/* Begin PBXVariantGroup section */
		D366FA6723D3FE4700671A58 /* Main.storyboard */ = {
			isa = PBXVariantGroup;
			children = (
				D366FA6823D3FE4700671A58 /* Base */,
			);
			name = Main.storyboard;
			sourceTree = "<group>";
		};
		D366FA6C23D3FE4A00671A58 /* LaunchScreen.storyboard */ = {
			isa = PBXVariantGroup;
			children = (
				D366FA6D23D3FE4A00671A58 /* Base */,
			);
			name = LaunchScreen.storyboard;
			sourceTree = "<group>";
		};
/* End PBXVariantGroup section */

/* Begin XCBuildConfiguration section */
		D366FA7223D3FE4A00671A58 /* Debug */ = {
			isa = XCBuildConfiguration;
			buildSettings = {
				ALWAYS_SEARCH_USER_PATHS = NO;
				CLANG_ANALYZER_NONNULL = YES;
				CLANG_ANALYZER_NUMBER_OBJECT_CONVERSION = YES_AGGRESSIVE;
				CLANG_CXX_LANGUAGE_STANDARD = "gnu++14";
				CLANG_CXX_LIBRARY = "libc++";
				CLANG_ENABLE_MODULES = YES;
				CLANG_ENABLE_OBJC_ARC = YES;
				CLANG_ENABLE_OBJC_WEAK = YES;
				CLANG_WARN_BLOCK_CAPTURE_AUTORELEASING = YES;
				CLANG_WARN_BOOL_CONVERSION = YES;
				CLANG_WARN_COMMA = YES;
				CLANG_WARN_CONSTANT_CONVERSION = YES;
				CLANG_WARN_DEPRECATED_OBJC_IMPLEMENTATIONS = YES;
				CLANG_WARN_DIRECT_OBJC_ISA_USAGE = YES_ERROR;
				CLANG_WARN_DOCUMENTATION_COMMENTS = YES;
				CLANG_WARN_EMPTY_BODY = YES;
				CLANG_WARN_ENUM_CONVERSION = YES;
				CLANG_WARN_INFINITE_RECURSION = YES;
				CLANG_WARN_INT_CONVERSION = YES;
				CLANG_WARN_NON_LITERAL_NULL_CONVERSION = YES;
				CLANG_WARN_OBJC_IMPLICIT_RETAIN_SELF = YES;
				CLANG_WARN_OBJC_LITERAL_CONVERSION = YES;
				CLANG_WARN_OBJC_ROOT_CLASS = YES_ERROR;
				CLANG_WARN_RANGE_LOOP_ANALYSIS = YES;
				CLANG_WARN_STRICT_PROTOTYPES = YES;
				CLANG_WARN_SUSPICIOUS_MOVE = YES;
				CLANG_WARN_UNGUARDED_AVAILABILITY = YES_AGGRESSIVE;
				CLANG_WARN_UNREACHABLE_CODE = YES;
				CLANG_WARN__DUPLICATE_METHOD_MATCH = YES;
				COPY_PHASE_STRIP = NO;
				DEBUG_INFORMATION_FORMAT = dwarf;
				ENABLE_STRICT_OBJC_MSGSEND = YES;
				ENABLE_TESTABILITY = YES;
				GCC_C_LANGUAGE_STANDARD = gnu11;
				GCC_DYNAMIC_NO_PIC = NO;
				GCC_NO_COMMON_BLOCKS = YES;
				GCC_OPTIMIZATION_LEVEL = 0;
				GCC_PREPROCESSOR_DEFINITIONS = (
					"DEBUG=1",
					"$(inherited)",
				);
				GCC_WARN_64_TO_32_BIT_CONVERSION = YES;
				GCC_WARN_ABOUT_RETURN_TYPE = YES_ERROR;
				GCC_WARN_UNDECLARED_SELECTOR = YES;
				GCC_WARN_UNINITIALIZED_AUTOS = YES_AGGRESSIVE;
				GCC_WARN_UNUSED_FUNCTION = YES;
				GCC_WARN_UNUSED_VARIABLE = YES;
				IPHONEOS_DEPLOYMENT_TARGET = 13.2;
				MTL_ENABLE_DEBUG_INFO = INCLUDE_SOURCE;
				MTL_FAST_MATH = YES;
				ONLY_ACTIVE_ARCH = YES;
				SDKROOT = iphoneos;
			};
			name = Debug;
		};
		D366FA7323D3FE4A00671A58 /* Release */ = {
			isa = XCBuildConfiguration;
			buildSettings = {
				ALWAYS_SEARCH_USER_PATHS = NO;
				CLANG_ANALYZER_NONNULL = YES;
				CLANG_ANALYZER_NUMBER_OBJECT_CONVERSION = YES_AGGRESSIVE;
				CLANG_CXX_LANGUAGE_STANDARD = "gnu++14";
				CLANG_CXX_LIBRARY = "libc++";
				CLANG_ENABLE_MODULES = YES;
				CLANG_ENABLE_OBJC_ARC = YES;
				CLANG_ENABLE_OBJC_WEAK = YES;
				CLANG_WARN_BLOCK_CAPTURE_AUTORELEASING = YES;
				CLANG_WARN_BOOL_CONVERSION = YES;
				CLANG_WARN_COMMA = YES;
				CLANG_WARN_CONSTANT_CONVERSION = YES;
				CLANG_WARN_DEPRECATED_OBJC_IMPLEMENTATIONS = YES;
				CLANG_WARN_DIRECT_OBJC_ISA_USAGE = YES_ERROR;
				CLANG_WARN_DOCUMENTATION_COMMENTS = YES;
				CLANG_WARN_EMPTY_BODY = YES;
				CLANG_WARN_ENUM_CONVERSION = YES;
				CLANG_WARN_INFINITE_RECURSION = YES;
				CLANG_WARN_INT_CONVERSION = YES;
				CLANG_WARN_NON_LITERAL_NULL_CONVERSION = YES;
				CLANG_WARN_OBJC_IMPLICIT_RETAIN_SELF = YES;
				CLANG_WARN_OBJC_LITERAL_CONVERSION = YES;
				CLANG_WARN_OBJC_ROOT_CLASS = YES_ERROR;
				CLANG_WARN_RANGE_LOOP_ANALYSIS = YES;
				CLANG_WARN_STRICT_PROTOTYPES = YES;
				CLANG_WARN_SUSPICIOUS_MOVE = YES;
				CLANG_WARN_UNGUARDED_AVAILABILITY = YES_AGGRESSIVE;
				CLANG_WARN_UNREACHABLE_CODE = YES;
				CLANG_WARN__DUPLICATE_METHOD_MATCH = YES;
				COPY_PHASE_STRIP = NO;
				DEBUG_INFORMATION_FORMAT = "dwarf-with-dsym";
				ENABLE_NS_ASSERTIONS = NO;
				ENABLE_STRICT_OBJC_MSGSEND = YES;
				GCC_C_LANGUAGE_STANDARD = gnu11;
				GCC_NO_COMMON_BLOCKS = YES;
				GCC_WARN_64_TO_32_BIT_CONVERSION = YES;
				GCC_WARN_ABOUT_RETURN_TYPE = YES_ERROR;
				GCC_WARN_UNDECLARED_SELECTOR = YES;
				GCC_WARN_UNINITIALIZED_AUTOS = YES_AGGRESSIVE;
				GCC_WARN_UNUSED_FUNCTION = YES;
				GCC_WARN_UNUSED_VARIABLE = YES;
				IPHONEOS_DEPLOYMENT_TARGET = 13.2;
				MTL_ENABLE_DEBUG_INFO = NO;
				MTL_FAST_MATH = YES;
				SDKROOT = iphoneos;
				VALIDATE_PRODUCT = YES;
			};
			name = Release;
		};
		D366FA7523D3FE4A00671A58 /* Debug */ = {
			isa = XCBuildConfiguration;
			buildSettings = {
				ASSETCATALOG_COMPILER_APPICON_NAME = AppIcon;
				CODE_SIGN_STYLE = Automatic;
				DEVELOPMENT_TEAM = RTXZSWTQ6M;
				FRAMEWORK_SEARCH_PATHS = (
					"$(inherited)",
					"$(PROJECT_DIR)/TencentOpenAPI",
					"$(PROJECT_DIR)/ThirdQQSDK/TencentOpenAPI",
					"$(PROJECT_DIR)/ThirdQQSDK/AFServiceSDK",
				);
				INFOPLIST_FILE = ThirdQQSDK/Info.plist;
				IPHONEOS_DEPLOYMENT_TARGET = 10.0;
				LD_RUNPATH_SEARCH_PATHS = (
					"$(inherited)",
					"@executable_path/Frameworks",
				);
				LIBRARY_SEARCH_PATHS = (
					"$(inherited)",
					"$(PROJECT_DIR)/ThirdQQSDK/APOpenAPI",
				);
				PRODUCT_BUNDLE_IDENTIFIER = com.insightworks.voice.ThirdQQSDK;
				PRODUCT_NAME = "$(TARGET_NAME)";
				TARGETED_DEVICE_FAMILY = "1,2";
			};
			name = Debug;
		};
		D366FA7623D3FE4A00671A58 /* Release */ = {
			isa = XCBuildConfiguration;
			buildSettings = {
				ASSETCATALOG_COMPILER_APPICON_NAME = AppIcon;
				CODE_SIGN_STYLE = Automatic;
				DEVELOPMENT_TEAM = RTXZSWTQ6M;
				FRAMEWORK_SEARCH_PATHS = (
					"$(inherited)",
					"$(PROJECT_DIR)/TencentOpenAPI",
					"$(PROJECT_DIR)/ThirdQQSDK/TencentOpenAPI",
					"$(PROJECT_DIR)/ThirdQQSDK/AFServiceSDK",
				);
				INFOPLIST_FILE = ThirdQQSDK/Info.plist;
				IPHONEOS_DEPLOYMENT_TARGET = 10.0;
				LD_RUNPATH_SEARCH_PATHS = (
					"$(inherited)",
					"@executable_path/Frameworks",
				);
				LIBRARY_SEARCH_PATHS = (
					"$(inherited)",
					"$(PROJECT_DIR)/ThirdQQSDK/APOpenAPI",
				);
				PRODUCT_BUNDLE_IDENTIFIER = com.insightworks.voice.ThirdQQSDK;
				PRODUCT_NAME = "$(TARGET_NAME)";
				TARGETED_DEVICE_FAMILY = "1,2";
			};
			name = Release;
		};
/* End XCBuildConfiguration section */

/* Begin XCConfigurationList section */
		D366FA5623D3FE4700671A58 /* Build configuration list for PBXProject "ThirdQQSDK" */ = {
			isa = XCConfigurationList;
			buildConfigurations = (
				D366FA7223D3FE4A00671A58 /* Debug */,
				D366FA7323D3FE4A00671A58 /* Release */,
			);
			defaultConfigurationIsVisible = 0;
			defaultConfigurationName = Release;
		};
		D366FA7423D3FE4A00671A58 /* Build configuration list for PBXNativeTarget "ThirdQQSDK" */ = {
			isa = XCConfigurationList;
			buildConfigurations = (
				D366FA7523D3FE4A00671A58 /* Debug */,
				D366FA7623D3FE4A00671A58 /* Release */,
			);
			defaultConfigurationIsVisible = 0;
			defaultConfigurationName = Release;
		};
/* End XCConfigurationList section */
	};
	rootObject = D366FA5323D3FE4700671A58 /* Project object */;
}
